// !$*UTF8*$!
{
	archiveVersion = 1;
	classes = {
	};
	objectVersion = 48;
	objects = {

/* Begin PBXBuildFile section */
		ACB97E021FCBA13C00B48120 /* AppDelegate.swift in Sources */ = {isa = PBXBuildFile; fileRef = ACB97E011FCBA13C00B48120 /* AppDelegate.swift */; };
		ACB97E041FCBA13C00B48120 /* ViewController.swift in Sources */ = {isa = PBXBuildFile; fileRef = ACB97E031FCBA13C00B48120 /* ViewController.swift */; };
		ACB97E071FCBA13C00B48120 /* Main.storyboard in Resources */ = {isa = PBXBuildFile; fileRef = ACB97E051FCBA13C00B48120 /* Main.storyboard */; };
		ACB97E091FCBA13C00B48120 /* Assets.xcassets in Resources */ = {isa = PBXBuildFile; fileRef = ACB97E081FCBA13C00B48120 /* Assets.xcassets */; };
		ACB97E0C1FCBA13C00B48120 /* LaunchScreen.storyboard in Resources */ = {isa = PBXBuildFile; fileRef = ACB97E0A1FCBA13C00B48120 /* LaunchScreen.storyboard */; };
		ACB97E171FCBA13D00B48120 /* Stopwatch_BasicTests.swift in Sources */ = {isa = PBXBuildFile; fileRef = ACB97E161FCBA13D00B48120 /* Stopwatch_BasicTests.swift */; };
		ACB97E221FCBA13D00B48120 /* Stopwatch_BasicUITests.swift in Sources */ = {isa = PBXBuildFile; fileRef = ACB97E211FCBA13D00B48120 /* Stopwatch_BasicUITests.swift */; };
		ACB97E301FCBA2C000B48120 /* StopwatchViewController.swift in Sources */ = {isa = PBXBuildFile; fileRef = ACB97E2F1FCBA2C000B48120 /* StopwatchViewController.swift */; };
/* End PBXBuildFile section */

/* Begin PBXContainerItemProxy section */
		ACB97E131FCBA13D00B48120 /* PBXContainerItemProxy */ = {
			isa = PBXContainerItemProxy;
			containerPortal = ACB97DF61FCBA13C00B48120 /* Project object */;
			proxyType = 1;
			remoteGlobalIDString = ACB97DFD1FCBA13C00B48120;
			remoteInfo = "Stopwatch Basic";
		};
		ACB97E1E1FCBA13D00B48120 /* PBXContainerItemProxy */ = {
			isa = PBXContainerItemProxy;
			containerPortal = ACB97DF61FCBA13C00B48120 /* Project object */;
			proxyType = 1;
			remoteGlobalIDString = ACB97DFD1FCBA13C00B48120;
			remoteInfo = "Stopwatch Basic";
		};
/* End PBXContainerItemProxy section */

/* Begin PBXFileReference section */
		ACB97DFE1FCBA13C00B48120 /* Stopwatch Basic.app */ = {isa = PBXFileReference; explicitFileType = wrapper.application; includeInIndex = 0; path = "Stopwatch Basic.app"; sourceTree = BUILT_PRODUCTS_DIR; };
		ACB97E011FCBA13C00B48120 /* AppDelegate.swift */ = {isa = PBXFileReference; lastKnownFileType = sourcecode.swift; path = AppDelegate.swift; sourceTree = "<group>"; };
		ACB97E031FCBA13C00B48120 /* ViewController.swift */ = {isa = PBXFileReference; lastKnownFileType = sourcecode.swift; path = ViewController.swift; sourceTree = "<group>"; };
		ACB97E061FCBA13C00B48120 /* Base */ = {isa = PBXFileReference; lastKnownFileType = file.storyboard; name = Base; path = Base.lproj/Main.storyboard; sourceTree = "<group>"; };
		ACB97E081FCBA13C00B48120 /* Assets.xcassets */ = {isa = PBXFileReference; lastKnownFileType = folder.assetcatalog; path = Assets.xcassets; sourceTree = "<group>"; };
		ACB97E0B1FCBA13C00B48120 /* Base */ = {isa = PBXFileReference; lastKnownFileType = file.storyboard; name = Base; path = Base.lproj/LaunchScreen.storyboard; sourceTree = "<group>"; };
		ACB97E0D1FCBA13C00B48120 /* Info.plist */ = {isa = PBXFileReference; lastKnownFileType = text.plist.xml; path = Info.plist; sourceTree = "<group>"; };
		ACB97E121FCBA13D00B48120 /* Stopwatch BasicTests.xctest */ = {isa = PBXFileReference; explicitFileType = wrapper.cfbundle; includeInIndex = 0; path = "Stopwatch BasicTests.xctest"; sourceTree = BUILT_PRODUCTS_DIR; };
		ACB97E161FCBA13D00B48120 /* Stopwatch_BasicTests.swift */ = {isa = PBXFileReference; lastKnownFileType = sourcecode.swift; path = Stopwatch_BasicTests.swift; sourceTree = "<group>"; };
		ACB97E181FCBA13D00B48120 /* Info.plist */ = {isa = PBXFileReference; lastKnownFileType = text.plist.xml; path = Info.plist; sourceTree = "<group>"; };
		ACB97E1D1FCBA13D00B48120 /* Stopwatch BasicUITests.xctest */ = {isa = PBXFileReference; explicitFileType = wrapper.cfbundle; includeInIndex = 0; path = "Stopwatch BasicUITests.xctest"; sourceTree = BUILT_PRODUCTS_DIR; };
		ACB97E211FCBA13D00B48120 /* Stopwatch_BasicUITests.swift */ = {isa = PBXFileReference; lastKnownFileType = sourcecode.swift; path = Stopwatch_BasicUITests.swift; sourceTree = "<group>"; };
		ACB97E231FCBA13D00B48120 /* Info.plist */ = {isa = PBXFileReference; lastKnownFileType = text.plist.xml; path = Info.plist; sourceTree = "<group>"; };
		ACB97E2F1FCBA2C000B48120 /* StopwatchViewController.swift */ = {isa = PBXFileReference; lastKnownFileType = sourcecode.swift; path = StopwatchViewController.swift; sourceTree = "<group>"; };
/* End PBXFileReference section */

/* Begin PBXFrameworksBuildPhase section */
		ACB97DFB1FCBA13C00B48120 /* Frameworks */ = {
			isa = PBXFrameworksBuildPhase;
			buildActionMask = 2147483647;
			files = (
			);
			runOnlyForDeploymentPostprocessing = 0;
		};
		ACB97E0F1FCBA13D00B48120 /* Frameworks */ = {
			isa = PBXFrameworksBuildPhase;
			buildActionMask = 2147483647;
			files = (
			);
			runOnlyForDeploymentPostprocessing = 0;
		};
		ACB97E1A1FCBA13D00B48120 /* Frameworks */ = {
			isa = PBXFrameworksBuildPhase;
			buildActionMask = 2147483647;
			files = (
			);
			runOnlyForDeploymentPostprocessing = 0;
		};
/* End PBXFrameworksBuildPhase section */

/* Begin PBXGroup section */
		ACB97DF51FCBA13C00B48120 = {
			isa = PBXGroup;
			children = (
				ACB97E001FCBA13C00B48120 /* Stopwatch Basic */,
				ACB97E151FCBA13D00B48120 /* Stopwatch BasicTests */,
				ACB97E201FCBA13D00B48120 /* Stopwatch BasicUITests */,
				ACB97DFF1FCBA13C00B48120 /* Products */,
			);
			sourceTree = "<group>";
		};
		ACB97DFF1FCBA13C00B48120 /* Products */ = {
			isa = PBXGroup;
			children = (
				ACB97DFE1FCBA13C00B48120 /* Stopwatch Basic.app */,
				ACB97E121FCBA13D00B48120 /* Stopwatch BasicTests.xctest */,
				ACB97E1D1FCBA13D00B48120 /* Stopwatch BasicUITests.xctest */,
			);
			name = Products;
			sourceTree = "<group>";
		};
		ACB97E001FCBA13C00B48120 /* Stopwatch Basic */ = {
			isa = PBXGroup;
			children = (
				ACB97E011FCBA13C00B48120 /* AppDelegate.swift */,
				ACB97E031FCBA13C00B48120 /* ViewController.swift */,
				ACB97E051FCBA13C00B48120 /* Main.storyboard */,
				ACB97E081FCBA13C00B48120 /* Assets.xcassets */,
				ACB97E0A1FCBA13C00B48120 /* LaunchScreen.storyboard */,
				ACB97E0D1FCBA13C00B48120 /* Info.plist */,
				ACB97E2F1FCBA2C000B48120 /* StopwatchViewController.swift */,
			);
			path = "Stopwatch Basic";
			sourceTree = "<group>";
		};
		ACB97E151FCBA13D00B48120 /* Stopwatch BasicTests */ = {
			isa = PBXGroup;
			children = (
				ACB97E161FCBA13D00B48120 /* Stopwatch_BasicTests.swift */,
				ACB97E181FCBA13D00B48120 /* Info.plist */,
			);
			path = "Stopwatch BasicTests";
			sourceTree = "<group>";
		};
		ACB97E201FCBA13D00B48120 /* Stopwatch BasicUITests */ = {
			isa = PBXGroup;
			children = (
				ACB97E211FCBA13D00B48120 /* Stopwatch_BasicUITests.swift */,
				ACB97E231FCBA13D00B48120 /* Info.plist */,
			);
			path = "Stopwatch BasicUITests";
			sourceTree = "<group>";
		};
/* End PBXGroup section */

/* Begin PBXNativeTarget section */
		ACB97DFD1FCBA13C00B48120 /* Stopwatch Basic */ = {
			isa = PBXNativeTarget;
			buildConfigurationList = ACB97E261FCBA13D00B48120 /* Build configuration list for PBXNativeTarget "Stopwatch Basic" */;
			buildPhases = (
				ACB97DFA1FCBA13C00B48120 /* Sources */,
				ACB97DFB1FCBA13C00B48120 /* Frameworks */,
				ACB97DFC1FCBA13C00B48120 /* Resources */,
			);
			buildRules = (
			);
			dependencies = (
			);
			name = "Stopwatch Basic";
			productName = "Stopwatch Basic";
			productReference = ACB97DFE1FCBA13C00B48120 /* Stopwatch Basic.app */;
			productType = "com.apple.product-type.application";
		};
		ACB97E111FCBA13D00B48120 /* Stopwatch BasicTests */ = {
			isa = PBXNativeTarget;
			buildConfigurationList = ACB97E291FCBA13D00B48120 /* Build configuration list for PBXNativeTarget "Stopwatch BasicTests" */;
			buildPhases = (
				ACB97E0E1FCBA13D00B48120 /* Sources */,
				ACB97E0F1FCBA13D00B48120 /* Frameworks */,
				ACB97E101FCBA13D00B48120 /* Resources */,
			);
			buildRules = (
			);
			dependencies = (
				ACB97E141FCBA13D00B48120 /* PBXTargetDependency */,
			);
			name = "Stopwatch BasicTests";
			productName = "Stopwatch BasicTests";
			productReference = ACB97E121FCBA13D00B48120 /* Stopwatch BasicTests.xctest */;
			productType = "com.apple.product-type.bundle.unit-test";
		};
		ACB97E1C1FCBA13D00B48120 /* Stopwatch BasicUITests */ = {
			isa = PBXNativeTarget;
			buildConfigurationList = ACB97E2C1FCBA13D00B48120 /* Build configuration list for PBXNativeTarget "Stopwatch BasicUITests" */;
			buildPhases = (
				ACB97E191FCBA13D00B48120 /* Sources */,
				ACB97E1A1FCBA13D00B48120 /* Frameworks */,
				ACB97E1B1FCBA13D00B48120 /* Resources */,
			);
			buildRules = (
			);
			dependencies = (
				ACB97E1F1FCBA13D00B48120 /* PBXTargetDependency */,
			);
			name = "Stopwatch BasicUITests";
			productName = "Stopwatch BasicUITests";
			productReference = ACB97E1D1FCBA13D00B48120 /* Stopwatch BasicUITests.xctest */;
			productType = "com.apple.product-type.bundle.ui-testing";
		};
/* End PBXNativeTarget section */

/* Begin PBXProject section */
		ACB97DF61FCBA13C00B48120 /* Project object */ = {
			isa = PBXProject;
			attributes = {
				LastSwiftUpdateCheck = 0910;
				LastUpgradeCheck = 0910;
				ORGANIZATIONNAME = "Abi Sayuti";
				TargetAttributes = {
					ACB97DFD1FCBA13C00B48120 = {
						CreatedOnToolsVersion = 9.1;
						ProvisioningStyle = Automatic;
					};
					ACB97E111FCBA13D00B48120 = {
						CreatedOnToolsVersion = 9.1;
						ProvisioningStyle = Automatic;
						TestTargetID = ACB97DFD1FCBA13C00B48120;
					};
					ACB97E1C1FCBA13D00B48120 = {
						CreatedOnToolsVersion = 9.1;
						ProvisioningStyle = Automatic;
						TestTargetID = ACB97DFD1FCBA13C00B48120;
					};
				};
			};
			buildConfigurationList = ACB97DF91FCBA13C00B48120 /* Build configuration list for PBXProject "Stopwatch Basic" */;
			compatibilityVersion = "Xcode 8.0";
			developmentRegion = en;
			hasScannedForEncodings = 0;
			knownRegions = (
				en,
				Base,
			);
			mainGroup = ACB97DF51FCBA13C00B48120;
			productRefGroup = ACB97DFF1FCBA13C00B48120 /* Products */;
			projectDirPath = "";
			projectRoot = "";
			targets = (
				ACB97DFD1FCBA13C00B48120 /* Stopwatch Basic */,
				ACB97E111FCBA13D00B48120 /* Stopwatch BasicTests */,
				ACB97E1C1FCBA13D00B48120 /* Stopwatch BasicUITests */,
			);
		};
/* End PBXProject section */

/* Begin PBXResourcesBuildPhase section */
		ACB97DFC1FCBA13C00B48120 /* Resources */ = {
			isa = PBXResourcesBuildPhase;
			buildActionMask = 2147483647;
			files = (
				ACB97E0C1FCBA13C00B48120 /* LaunchScreen.storyboard in Resources */,
				ACB97E091FCBA13C00B48120 /* Assets.xcassets in Resources */,
				ACB97E071FCBA13C00B48120 /* Main.storyboard in Resources */,
			);
			runOnlyForDeploymentPostprocessing = 0;
		};
		ACB97E101FCBA13D00B48120 /* Resources */ = {
			isa = PBXResourcesBuildPhase;
			buildActionMask = 2147483647;
			files = (
			);
			runOnlyForDeploymentPostprocessing = 0;
		};
		ACB97E1B1FCBA13D00B48120 /* Resources */ = {
			isa = PBXResourcesBuildPhase;
			buildActionMask = 2147483647;
			files = (
			);
			runOnlyForDeploymentPostprocessing = 0;
		};
/* End PBXResourcesBuildPhase section */

/* Begin PBXSourcesBuildPhase section */
		ACB97DFA1FCBA13C00B48120 /* Sources */ = {
			isa = PBXSourcesBuildPhase;
			buildActionMask = 2147483647;
			files = (
				ACB97E301FCBA2C000B48120 /* StopwatchViewController.swift in Sources */,
				ACB97E041FCBA13C00B48120 /* ViewController.swift in Sources */,
				ACB97E021FCBA13C00B48120 /* AppDelegate.swift in Sources */,
			);
			runOnlyForDeploymentPostprocessing = 0;
		};
		ACB97E0E1FCBA13D00B48120 /* Sources */ = {
			isa = PBXSourcesBuildPhase;
			buildActionMask = 2147483647;
			files = (
				ACB97E171FCBA13D00B48120 /* Stopwatch_BasicTests.swift in Sources */,
			);
			runOnlyForDeploymentPostprocessing = 0;
		};
		ACB97E191FCBA13D00B48120 /* Sources */ = {
			isa = PBXSourcesBuildPhase;
			buildActionMask = 2147483647;
			files = (
				ACB97E221FCBA13D00B48120 /* Stopwatch_BasicUITests.swift in Sources */,
			);
			runOnlyForDeploymentPostprocessing = 0;
		};
/* End PBXSourcesBuildPhase section */

/* Begin PBXTargetDependency section */
		ACB97E141FCBA13D00B48120 /* PBXTargetDependency */ = {
			isa = PBXTargetDependency;
			target = ACB97DFD1FCBA13C00B48120 /* Stopwatch Basic */;
			targetProxy = ACB97E131FCBA13D00B48120 /* PBXContainerItemProxy */;
		};
		ACB97E1F1FCBA13D00B48120 /* PBXTargetDependency */ = {
			isa = PBXTargetDependency;
			target = ACB97DFD1FCBA13C00B48120 /* Stopwatch Basic */;
			targetProxy = ACB97E1E1FCBA13D00B48120 /* PBXContainerItemProxy */;
		};
/* End PBXTargetDependency section */

/* Begin PBXVariantGroup section */
		ACB97E051FCBA13C00B48120 /* Main.storyboard */ = {
			isa = PBXVariantGroup;
			children = (
				ACB97E061FCBA13C00B48120 /* Base */,
			);
			name = Main.storyboard;
			sourceTree = "<group>";
		};
		ACB97E0A1FCBA13C00B48120 /* LaunchScreen.storyboard */ = {
			isa = PBXVariantGroup;
			children = (
				ACB97E0B1FCBA13C00B48120 /* Base */,
			);
			name = LaunchScreen.storyboard;
			sourceTree = "<group>";
		};
/* End PBXVariantGroup section */

/* Begin XCBuildConfiguration section */
		ACB97E241FCBA13D00B48120 /* Debug */ = {
			isa = XCBuildConfiguration;
			buildSettings = {
				ALWAYS_SEARCH_USER_PATHS = NO;
				CLANG_ANALYZER_NONNULL = YES;
				CLANG_ANALYZER_NUMBER_OBJECT_CONVERSION = YES_AGGRESSIVE;
				CLANG_CXX_LANGUAGE_STANDARD = "gnu++14";
				CLANG_CXX_LIBRARY = "libc++";
				CLANG_ENABLE_MODULES = YES;
				CLANG_ENABLE_OBJC_ARC = YES;
				CLANG_WARN_BLOCK_CAPTURE_AUTORELEASING = YES;
				CLANG_WARN_BOOL_CONVERSION = YES;
				CLANG_WARN_COMMA = YES;
				CLANG_WARN_CONSTANT_CONVERSION = YES;
				CLANG_WARN_DIRECT_OBJC_ISA_USAGE = YES_ERROR;
				CLANG_WARN_DOCUMENTATION_COMMENTS = YES;
				CLANG_WARN_EMPTY_BODY = YES;
				CLANG_WARN_ENUM_CONVERSION = YES;
				CLANG_WARN_INFINITE_RECURSION = YES;
				CLANG_WARN_INT_CONVERSION = YES;
				CLANG_WARN_NON_LITERAL_NULL_CONVERSION = YES;
				CLANG_WARN_OBJC_LITERAL_CONVERSION = YES;
				CLANG_WARN_OBJC_ROOT_CLASS = YES_ERROR;
				CLANG_WARN_RANGE_LOOP_ANALYSIS = YES;
				CLANG_WARN_STRICT_PROTOTYPES = YES;
				CLANG_WARN_SUSPICIOUS_MOVE = YES;
				CLANG_WARN_UNGUARDED_AVAILABILITY = YES_AGGRESSIVE;
				CLANG_WARN_UNREACHABLE_CODE = YES;
				CLANG_WARN__DUPLICATE_METHOD_MATCH = YES;
				CODE_SIGN_IDENTITY = "iPhone Developer";
				COPY_PHASE_STRIP = NO;
				DEBUG_INFORMATION_FORMAT = dwarf;
				ENABLE_STRICT_OBJC_MSGSEND = YES;
				ENABLE_TESTABILITY = YES;
				GCC_C_LANGUAGE_STANDARD = gnu11;
				GCC_DYNAMIC_NO_PIC = NO;
				GCC_NO_COMMON_BLOCKS = YES;
				GCC_OPTIMIZATION_LEVEL = 0;
				GCC_PREPROCESSOR_DEFINITIONS = (
					"DEBUG=1",
					"$(inherited)",
				);
				GCC_WARN_64_TO_32_BIT_CONVERSION = YES;
				GCC_WARN_ABOUT_RETURN_TYPE = YES_ERROR;
				GCC_WARN_UNDECLARED_SELECTOR = YES;
				GCC_WARN_UNINITIALIZED_AUTOS = YES_AGGRESSIVE;
				GCC_WARN_UNUSED_FUNCTION = YES;
				GCC_WARN_UNUSED_VARIABLE = YES;
				IPHONEOS_DEPLOYMENT_TARGET = 11.1;
				MTL_ENABLE_DEBUG_INFO = YES;
				ONLY_ACTIVE_ARCH = YES;
				SDKROOT = iphoneos;
				SWIFT_ACTIVE_COMPILATION_CONDITIONS = DEBUG;
				SWIFT_OPTIMIZATION_LEVEL = "-Onone";
			};
			name = Debug;
		};
		ACB97E251FCBA13D00B48120 /* Release */ = {
			isa = XCBuildConfiguration;
			buildSettings = {
				ALWAYS_SEARCH_USER_PATHS = NO;
				CLANG_ANALYZER_NONNULL = YES;
				CLANG_ANALYZER_NUMBER_OBJECT_CONVERSION = YES_AGGRESSIVE;
				CLANG_CXX_LANGUAGE_STANDARD = "gnu++14";
				CLANG_CXX_LIBRARY = "libc++";
				CLANG_ENABLE_MODULES = YES;
				CLANG_ENABLE_OBJC_ARC = YES;
				CLANG_WARN_BLOCK_CAPTURE_AUTORELEASING = YES;
				CLANG_WARN_BOOL_CONVERSION = YES;
				CLANG_WARN_COMMA = YES;
				CLANG_WARN_CONSTANT_CONVERSION = YES;
				CLANG_WARN_DIRECT_OBJC_ISA_USAGE = YES_ERROR;
				CLANG_WARN_DOCUMENTATION_COMMENTS = YES;
				CLANG_WARN_EMPTY_BODY = YES;
				CLANG_WARN_ENUM_CONVERSION = YES;
				CLANG_WARN_INFINITE_RECURSION = YES;
				CLANG_WARN_INT_CONVERSION = YES;
				CLANG_WARN_NON_LITERAL_NULL_CONVERSION = YES;
				CLANG_WARN_OBJC_LITERAL_CONVERSION = YES;
				CLANG_WARN_OBJC_ROOT_CLASS = YES_ERROR;
				CLANG_WARN_RANGE_LOOP_ANALYSIS = YES;
				CLANG_WARN_STRICT_PROTOTYPES = YES;
				CLANG_WARN_SUSPICIOUS_MOVE = YES;
				CLANG_WARN_UNGUARDED_AVAILABILITY = YES_AGGRESSIVE;
				CLANG_WARN_UNREACHABLE_CODE = YES;
				CLANG_WARN__DUPLICATE_METHOD_MATCH = YES;
				CODE_SIGN_IDENTITY = "iPhone Developer";
				COPY_PHASE_STRIP = NO;
				DEBUG_INFORMATION_FORMAT = "dwarf-with-dsym";
				ENABLE_NS_ASSERTIONS = NO;
				ENABLE_STRICT_OBJC_MSGSEND = YES;
				GCC_C_LANGUAGE_STANDARD = gnu11;
				GCC_NO_COMMON_BLOCKS = YES;
				GCC_WARN_64_TO_32_BIT_CONVERSION = YES;
				GCC_WARN_ABOUT_RETURN_TYPE = YES_ERROR;
				GCC_WARN_UNDECLARED_SELECTOR = YES;
				GCC_WARN_UNINITIALIZED_AUTOS = YES_AGGRESSIVE;
				GCC_WARN_UNUSED_FUNCTION = YES;
				GCC_WARN_UNUSED_VARIABLE = YES;
				IPHONEOS_DEPLOYMENT_TARGET = 11.1;
				MTL_ENABLE_DEBUG_INFO = NO;
				SDKROOT = iphoneos;
				SWIFT_OPTIMIZATION_LEVEL = "-Owholemodule";
				VALIDATE_PRODUCT = YES;
			};
			name = Release;
		};
		ACB97E271FCBA13D00B48120 /* Debug */ = {
			isa = XCBuildConfiguration;
			buildSettings = {
				ASSETCATALOG_COMPILER_APPICON_NAME = AppIcon;
				CODE_SIGN_STYLE = Automatic;
				INFOPLIST_FILE = "Stopwatch Basic/Info.plist";
				LD_RUNPATH_SEARCH_PATHS = "$(inherited) @executable_path/Frameworks";
				PRODUCT_BUNDLE_IDENTIFIER = "ABI-SA.Stopwatch-Basic";
				PRODUCT_NAME = "$(TARGET_NAME)";
				SWIFT_VERSION = 4.0;
				TARGETED_DEVICE_FAMILY = "1,2";
			};
			name = Debug;
		};
		ACB97E281FCBA13D00B48120 /* Release */ = {
			isa = XCBuildConfiguration;
			buildSettings = {
				ASSETCATALOG_COMPILER_APPICON_NAME = AppIcon;
				CODE_SIGN_STYLE = Automatic;
				INFOPLIST_FILE = "Stopwatch Basic/Info.plist";
				LD_RUNPATH_SEARCH_PATHS = "$(inherited) @executable_path/Frameworks";
				PRODUCT_BUNDLE_IDENTIFIER = "ABI-SA.Stopwatch-Basic";
				PRODUCT_NAME = "$(TARGET_NAME)";
				SWIFT_VERSION = 4.0;
				TARGETED_DEVICE_FAMILY = "1,2";
			};
			name = Release;
		};
		ACB97E2A1FCBA13D00B48120 /* Debug */ = {
			isa = XCBuildConfiguration;
			buildSettings = {
				ALWAYS_EMBED_SWIFT_STANDARD_LIBRARIES = YES;
				BUNDLE_LOADER = "$(TEST_HOST)";
				CODE_SIGN_STYLE = Automatic;
				INFOPLIST_FILE = "Stopwatch BasicTests/Info.plist";
				LD_RUNPATH_SEARCH_PATHS = "$(inherited) @executable_path/Frameworks @loader_path/Frameworks";
				PRODUCT_BUNDLE_IDENTIFIER = "ABI-SA.Stopwatch-BasicTests";
				PRODUCT_NAME = "$(TARGET_NAME)";
				SWIFT_VERSION = 4.0;
				TARGETED_DEVICE_FAMILY = "1,2";
				TEST_HOST = "$(BUILT_PRODUCTS_DIR)/Stopwatch Basic.app/Stopwatch Basic";
			};
			name = Debug;
		};
		ACB97E2B1FCBA13D00B48120 /* Release */ = {
			isa = XCBuildConfiguration;
			buildSettings = {
				ALWAYS_EMBED_SWIFT_STANDARD_LIBRARIES = YES;
				BUNDLE_LOADER = "$(TEST_HOST)";
				CODE_SIGN_STYLE = Automatic;
				INFOPLIST_FILE = "Stopwatch BasicTests/Info.plist";
				LD_RUNPATH_SEARCH_PATHS = "$(inherited) @executable_path/Frameworks @loader_path/Frameworks";
				PRODUCT_BUNDLE_IDENTIFIER = "ABI-SA.Stopwatch-BasicTests";
				PRODUCT_NAME = "$(TARGET_NAME)";
				SWIFT_VERSION = 4.0;
				TARGETED_DEVICE_FAMILY = "1,2";
				TEST_HOST = "$(BUILT_PRODUCTS_DIR)/Stopwatch Basic.app/Stopwatch Basic";
			};
			name = Release;
		};
		ACB97E2D1FCBA13D00B48120 /* Debug */ = {
			isa = XCBuildConfiguration;
			buildSettings = {
				ALWAYS_EMBED_SWIFT_STANDARD_LIBRARIES = YES;
				CODE_SIGN_STYLE = Automatic;
				INFOPLIST_FILE = "Stopwatch BasicUITests/Info.plist";
				LD_RUNPATH_SEARCH_PATHS = "$(inherited) @executable_path/Frameworks @loader_path/Frameworks";
				PRODUCT_BUNDLE_IDENTIFIER = "ABI-SA.Stopwatch-BasicUITests";
				PRODUCT_NAME = "$(TARGET_NAME)";
				SWIFT_VERSION = 4.0;
				TARGETED_DEVICE_FAMILY = "1,2";
				TEST_TARGET_NAME = "Stopwatch Basic";
			};
			name = Debug;
		};
		ACB97E2E1FCBA13D00B48120 /* Release */ = {
			isa = XCBuildConfiguration;
			buildSettings = {
				ALWAYS_EMBED_SWIFT_STANDARD_LIBRARIES = YES;
				CODE_SIGN_STYLE = Automatic;
				INFOPLIST_FILE = "Stopwatch BasicUITests/Info.plist";
				LD_RUNPATH_SEARCH_PATHS = "$(inherited) @executable_path/Frameworks @loader_path/Frameworks";
				PRODUCT_BUNDLE_IDENTIFIER = "ABI-SA.Stopwatch-BasicUITests";
				PRODUCT_NAME = "$(TARGET_NAME)";
				SWIFT_VERSION = 4.0;
				TARGETED_DEVICE_FAMILY = "1,2";
				TEST_TARGET_NAME = "Stopwatch Basic";
			};
			name = Release;
		};
/* End XCBuildConfiguration section */

/* Begin XCConfigurationList section */
		ACB97DF91FCBA13C00B48120 /* Build configuration list for PBXProject "Stopwatch Basic" */ = {
			isa = XCConfigurationList;
			buildConfigurations = (
				ACB97E241FCBA13D00B48120 /* Debug */,
				ACB97E251FCBA13D00B48120 /* Release */,
			);
			defaultConfigurationIsVisible = 0;
			defaultConfigurationName = Release;
		};
		ACB97E261FCBA13D00B48120 /* Build configuration list for PBXNativeTarget "Stopwatch Basic" */ = {
			isa = XCConfigurationList;
			buildConfigurations = (
				ACB97E271FCBA13D00B48120 /* Debug */,
				ACB97E281FCBA13D00B48120 /* Release */,
			);
			defaultConfigurationIsVisible = 0;
			defaultConfigurationName = Release;
		};
		ACB97E291FCBA13D00B48120 /* Build configuration list for PBXNativeTarget "Stopwatch BasicTests" */ = {
			isa = XCConfigurationList;
			buildConfigurations = (
				ACB97E2A1FCBA13D00B48120 /* Debug */,
				ACB97E2B1FCBA13D00B48120 /* Release */,
			);
			defaultConfigurationIsVisible = 0;
			defaultConfigurationName = Release;
		};
		ACB97E2C1FCBA13D00B48120 /* Build configuration list for PBXNativeTarget "Stopwatch BasicUITests" */ = {
			isa = XCConfigurationList;
			buildConfigurations = (
				ACB97E2D1FCBA13D00B48120 /* Debug */,
				ACB97E2E1FCBA13D00B48120 /* Release */,
			);
			defaultConfigurationIsVisible = 0;
			defaultConfigurationName = Release;
		};
/* End XCConfigurationList section */
	};
	rootObject = ACB97DF61FCBA13C00B48120 /* Project object */;
}
